
Microsoft Visual Studio Solution File, Format Version 12.00
# Visual Studio 15
VisualStudioVersion = 15.0.27703.2042
MinimumVisualStudioVersion = 10.0.40219.1
Project("{9A19103F-16F7-4668-BE54-9A1E7A4F7556}") = "ConsoleWriteLineRocksSDK.Core20", "ConsoleWriteLineRocksSDK.Core20\ConsoleWriteLineRocksSDK.Core20.csproj", "{84E62140-8840-441E-853B-B699A3F6A8A6}"
EndProject
Project("{FAE04EC0-301F-11D3-BF4B-00C04F79EFBC}") = "ConsoleWriteLineRocksSDK.Net20", "ConsoleWriteLineRocksSDK.Net20\ConsoleWriteLineRocksSDK.Net20.csproj", "{7814A613-05D2-48BB-926B-1C54262670A2}"
EndProject
Project("{FAE04EC0-301F-11D3-BF4B-00C04F79EFBC}") = "ConsoleWriteLineRocksSDK.Net40", "ConsoleWriteLineRocksSDK.Net40\ConsoleWriteLineRocksSDK.Net40.csproj", "{69FEE72B-01C2-4493-B08B-F92AFC1B00A8}"
EndProject
Project("{9A19103F-16F7-4668-BE54-9A1E7A4F7556}") = "TestApplication.Core21", "TestApplication.Core21\TestApplication.Core21.csproj", "{8EAFA8C3-918D-44A1-94F6-9DFB2BC81BF0}"
EndProject
Project("{FAE04EC0-301F-11D3-BF4B-00C04F79EFBC}") = "TestApplication.Net20", "TestApplication.Net20\TestApplication.Net20.csproj", "{69B52632-FB7B-4844-84C2-6CA8C00E020C}"
EndProject
Project("{FAE04EC0-301F-11D3-BF4B-00C04F79EFBC}") = "TestApplication.Net35", "TestApplication.Net35\TestApplication.Net35.csproj", "{CD1CAB64-C9EF-4A2C-8845-1ED0162C4152}"
EndProject
Project("{FAE04EC0-301F-11D3-BF4B-00C04F79EFBC}") = "TestApplication.Net40", "TestApplication.Net40\TestApplication.Net40.csproj", "{99516F74-D06A-499E-9305-48CA2C329B93}"
EndProject
Project("{FAE04EC0-301F-11D3-BF4B-00C04F79EFBC}") = "TestApplication.Net462", "TestApplication.Net462\TestApplication.Net462.csproj", "{2E5D6B10-E853-488F-B73D-7EFA8BA40389}"
EndProject
Global
	GlobalSection(SolutionConfigurationPlatforms) = preSolution
		Debug|Any CPU = Debug|Any CPU
		Release|Any CPU = Release|Any CPU
	EndGlobalSection
	GlobalSection(ProjectConfigurationPlatforms) = postSolution
		{84E62140-8840-441E-853B-B699A3F6A8A6}.Debug|Any CPU.ActiveCfg = Debug|Any CPU
		{84E62140-8840-441E-853B-B699A3F6A8A6}.Debug|Any CPU.Build.0 = Debug|Any CPU
		{84E62140-8840-441E-853B-B699A3F6A8A6}.Release|Any CPU.ActiveCfg = Release|Any CPU
		{84E62140-8840-441E-853B-B699A3F6A8A6}.Release|Any CPU.Build.0 = Release|Any CPU
		{7814A613-05D2-48BB-926B-1C54262670A2}.Debug|Any CPU.ActiveCfg = Debug|Any CPU
		{7814A613-05D2-48BB-926B-1C54262670A2}.Debug|Any CPU.Build.0 = Debug|Any CPU
		{7814A613-05D2-48BB-926B-1C54262670A2}.Release|Any CPU.ActiveCfg = Release|Any CPU
		{7814A613-05D2-48BB-926B-1C54262670A2}.Release|Any CPU.Build.0 = Release|Any CPU
		{69FEE72B-01C2-4493-B08B-F92AFC1B00A8}.Debug|Any CPU.ActiveCfg = Debug|Any CPU
		{69FEE72B-01C2-4493-B08B-F92AFC1B00A8}.Debug|Any CPU.Build.0 = Debug|Any CPU
		{69FEE72B-01C2-4493-B08B-F92AFC1B00A8}.Release|Any CPU.ActiveCfg = Release|Any CPU
		{69FEE72B-01C2-4493-B08B-F92AFC1B00A8}.Release|Any CPU.Build.0 = Release|Any CPU
		{8EAFA8C3-918D-44A1-94F6-9DFB2BC81BF0}.Debug|Any CPU.ActiveCfg = Debug|Any CPU
		{8EAFA8C3-918D-44A1-94F6-9DFB2BC81BF0}.Debug|Any CPU.Build.0 = Debug|Any CPU
		{8EAFA8C3-918D-44A1-94F6-9DFB2BC81BF0}.Release|Any CPU.ActiveCfg = Release|Any CPU
		{8EAFA8C3-918D-44A1-94F6-9DFB2BC81BF0}.Release|Any CPU.Build.0 = Release|Any CPU
		{69B52632-FB7B-4844-84C2-6CA8C00E020C}.Debug|Any CPU.ActiveCfg = Debug|Any CPU
		{69B52632-FB7B-4844-84C2-6CA8C00E020C}.Debug|Any CPU.Build.0 = Debug|Any CPU
		{69B52632-FB7B-4844-84C2-6CA8C00E020C}.Release|Any CPU.ActiveCfg = Release|Any CPU
		{69B52632-FB7B-4844-84C2-6CA8C00E020C}.Release|Any CPU.Build.0 = Release|Any CPU
		{CD1CAB64-C9EF-4A2C-8845-1ED0162C4152}.Debug|Any CPU.ActiveCfg = Debug|Any CPU
		{CD1CAB64-C9EF-4A2C-8845-1ED0162C4152}.Debug|Any CPU.Build.0 = Debug|Any CPU
		{CD1CAB64-C9EF-4A2C-8845-1ED0162C4152}.Release|Any CPU.ActiveCfg = Release|Any CPU
		{CD1CAB64-C9EF-4A2C-8845-1ED0162C4152}.Release|Any CPU.Build.0 = Release|Any CPU
		{99516F74-D06A-499E-9305-48CA2C329B93}.Debug|Any CPU.ActiveCfg = Debug|Any CPU
		{99516F74-D06A-499E-9305-48CA2C329B93}.Debug|Any CPU.Build.0 = Debug|Any CPU
		{99516F74-D06A-499E-9305-48CA2C329B93}.Release|Any CPU.ActiveCfg = Release|Any CPU
		{99516F74-D06A-499E-9305-48CA2C329B93}.Release|Any CPU.Build.0 = Release|Any CPU
		{2E5D6B10-E853-488F-B73D-7EFA8BA40389}.Debug|Any CPU.ActiveCfg = Debug|Any CPU
		{2E5D6B10-E853-488F-B73D-7EFA8BA40389}.Debug|Any CPU.Build.0 = Debug|Any CPU
		{2E5D6B10-E853-488F-B73D-7EFA8BA40389}.Release|Any CPU.ActiveCfg = Release|Any CPU
		{2E5D6B10-E853-488F-B73D-7EFA8BA40389}.Release|Any CPU.Build.0 = Release|Any CPU
	EndGlobalSection
	GlobalSection(SolutionProperties) = preSolution
		HideSolutionNode = FALSE
	EndGlobalSection
	GlobalSection(ExtensibilityGlobals) = postSolution
		SolutionGuid = {DFDA41C6-B8E1-4C18-B2B9-152842EABC64}
	EndGlobalSection
EndGlobal
